
Microsoft Visual Studio Solution File, Format Version 12.00
# Visual Studio Version 17
VisualStudioVersion = 17.4.33122.133
MinimumVisualStudioVersion = 10.0.40219.1
Project("{2150E333-8FDC-42A3-9474-1A3956D46DE8}") = "Common", "Common", "{C5A1F2E3-7B4D-4A6C-9E8F-1A2B3C4D5E6F}"
EndProject
Project("{9A19103F-16F7-4668-BE54-9A1E7A4F7556}") = "HardwareStore.Common", "Common\HardwareStore.Common\HardwareStore.Common.csproj", "{1F53ECFC-A574-432D-9410-6DF76407C564}"
EndProject
Project("{2150E333-8FDC-42A3-9474-1A3956D46DE8}") = "Infrastructure", "Infrastructure", "{180827DF-E5CE-4F45-A79E-BFCBA7601A35}"
EndProject
Project("{2150E333-8FDC-42A3-9474-1A3956D46DE8}") = "Web", "Web", "{63376DE6-1C4C-42B0-BE22-1AF9C48E71F0}"
EndProject
Project("{2150E333-8FDC-42A3-9474-1A3956D46DE8}") = "Core", "Core", "{B8EC4E18-DC1F-4415-BBAA-7A74E53B526C}"
EndProject
Project("{2150E333-8FDC-42A3-9474-1A3956D46DE8}") = "Tests", "Tests", "{B8CF3F13-CA6F-438B-A18F-91758BFA45DA}"
EndProject
Project("{FAE04EC0-301F-11D3-BF4B-00C04F79EFBC}") = "HardwareStore.Web.Mvc", "Web\HardwareStore.Web.Mvc\HardwareStore.Web.Mvc.csproj", "{338441D5-80A2-4061-B094-C9FF638CEAE3}"
EndProject
Project("{FAE04EC0-301F-11D3-BF4B-00C04F79EFBC}") = "HardwareStore.Tests", "Tests\HardwareStore.Tests\HardwareStore.Tests.csproj", "{2843FE2D-3E67-4801-9214-09BE75FB99ED}"
EndProject
Project("{FAE04EC0-301F-11D3-BF4B-00C04F79EFBC}") = "HardwareStore.Infrastructure", "Infrastructure\HardwareStore.Infrastructure\HardwareStore.Infrastructure.csproj", "{74F143B0-5FB0-4BFA-A389-1557D68F7B33}"
EndProject
Project("{FAE04EC0-301F-11D3-BF4B-00C04F79EFBC}") = "HardwareStore.Infrastructure.Models", "Infrastructure\HardwareStore.Infrastructure.Models\HardwareStore.Infrastructure.Models.csproj", "{702EEEF2-1520-4BAD-BDF1-5220F2109853}"
EndProject
Project("{FAE04EC0-301F-11D3-BF4B-00C04F79EFBC}") = "HardwareStore.Core", "Core\HardwareStore.Core\HardwareStore.Core.csproj", "{218E45C5-7210-43B5-8A5E-F478A31FC8CA}"
EndProject
Project("{FAE04EC0-301F-11D3-BF4B-00C04F79EFBC}") = "HardwareStore.Core.ViewModels", "Core\HardwareStore.Core.ViewModels\HardwareStore.Core.ViewModels.csproj", "{4B0B15A6-0113-4152-96D9-E324A87DB97B}"
EndProject
Project("{FAE04EC0-301F-11D3-BF4B-00C04F79EFBC}") = "HardwareStore.Web.Api", "Web\HardwareStore.Web.Api\HardwareStore.Web.Api.csproj", "{94C4D790-F6BB-4F6F-A1D5-8105AB0545DB}"
EndProject
Global
	GlobalSection(SolutionConfigurationPlatforms) = preSolution
		Debug|Any CPU = Debug|Any CPU
		Debug|x64 = Debug|x64
		Debug|x86 = Debug|x86
		Release|Any CPU = Release|Any CPU
		Release|x64 = Release|x64
		Release|x86 = Release|x86
	EndGlobalSection
	GlobalSection(ProjectConfigurationPlatforms) = postSolution
		{1F53ECFC-A574-432D-9410-6DF76407C564}.Debug|Any CPU.ActiveCfg = Debug|Any CPU
		{1F53ECFC-A574-432D-9410-6DF76407C564}.Debug|Any CPU.Build.0 = Debug|Any CPU
		{1F53ECFC-A574-432D-9410-6DF76407C564}.Debug|x64.ActiveCfg = Debug|Any CPU
		{1F53ECFC-A574-432D-9410-6DF76407C564}.Debug|x64.Build.0 = Debug|Any CPU
		{1F53ECFC-A574-432D-9410-6DF76407C564}.Debug|x86.ActiveCfg = Debug|Any CPU
		{1F53ECFC-A574-432D-9410-6DF76407C564}.Debug|x86.Build.0 = Debug|Any CPU
		{1F53ECFC-A574-432D-9410-6DF76407C564}.Release|Any CPU.ActiveCfg = Release|Any CPU
		{1F53ECFC-A574-432D-9410-6DF76407C564}.Release|Any CPU.Build.0 = Release|Any CPU
		{1F53ECFC-A574-432D-9410-6DF76407C564}.Release|x64.ActiveCfg = Release|Any CPU
		{1F53ECFC-A574-432D-9410-6DF76407C564}.Release|x64.Build.0 = Release|Any CPU
		{1F53ECFC-A574-432D-9410-6DF76407C564}.Release|x86.ActiveCfg = Release|Any CPU
		{1F53ECFC-A574-432D-9410-6DF76407C564}.Release|x86.Build.0 = Release|Any CPU
		{338441D5-80A2-4061-B094-C9FF638CEAE3}.Debug|Any CPU.ActiveCfg = Debug|Any CPU
		{338441D5-80A2-4061-B094-C9FF638CEAE3}.Debug|Any CPU.Build.0 = Debug|Any CPU
		{338441D5-80A2-4061-B094-C9FF638CEAE3}.Debug|x64.ActiveCfg = Debug|Any CPU
		{338441D5-80A2-4061-B094-C9FF638CEAE3}.Debug|x64.Build.0 = Debug|Any CPU
		{338441D5-80A2-4061-B094-C9FF638CEAE3}.Debug|x86.ActiveCfg = Debug|Any CPU
		{338441D5-80A2-4061-B094-C9FF638CEAE3}.Debug|x86.Build.0 = Debug|Any CPU
		{338441D5-80A2-4061-B094-C9FF638CEAE3}.Release|Any CPU.ActiveCfg = Release|Any CPU
		{338441D5-80A2-4061-B094-C9FF638CEAE3}.Release|Any CPU.Build.0 = Release|Any CPU
		{338441D5-80A2-4061-B094-C9FF638CEAE3}.Release|x64.ActiveCfg = Release|Any CPU
		{338441D5-80A2-4061-B094-C9FF638CEAE3}.Release|x64.Build.0 = Release|Any CPU
		{338441D5-80A2-4061-B094-C9FF638CEAE3}.Release|x86.ActiveCfg = Release|Any CPU
		{338441D5-80A2-4061-B094-C9FF638CEAE3}.Release|x86.Build.0 = Release|Any CPU
		{2843FE2D-3E67-4801-9214-09BE75FB99ED}.Debug|Any CPU.ActiveCfg = Debug|Any CPU
		{2843FE2D-3E67-4801-9214-09BE75FB99ED}.Debug|Any CPU.Build.0 = Debug|Any CPU
		{2843FE2D-3E67-4801-9214-09BE75FB99ED}.Debug|x64.ActiveCfg = Debug|Any CPU
		{2843FE2D-3E67-4801-9214-09BE75FB99ED}.Debug|x64.Build.0 = Debug|Any CPU
		{2843FE2D-3E67-4801-9214-09BE75FB99ED}.Debug|x86.ActiveCfg = Debug|Any CPU
		{2843FE2D-3E67-4801-9214-09BE75FB99ED}.Debug|x86.Build.0 = Debug|Any CPU
		{2843FE2D-3E67-4801-9214-09BE75FB99ED}.Release|Any CPU.ActiveCfg = Release|Any CPU
		{2843FE2D-3E67-4801-9214-09BE75FB99ED}.Release|Any CPU.Build.0 = Release|Any CPU
		{2843FE2D-3E67-4801-9214-09BE75FB99ED}.Release|x64.ActiveCfg = Release|Any CPU
		{2843FE2D-3E67-4801-9214-09BE75FB99ED}.Release|x64.Build.0 = Release|Any CPU
		{2843FE2D-3E67-4801-9214-09BE75FB99ED}.Release|x86.ActiveCfg = Release|Any CPU
		{2843FE2D-3E67-4801-9214-09BE75FB99ED}.Release|x86.Build.0 = Release|Any CPU
		{74F143B0-5FB0-4BFA-A389-1557D68F7B33}.Debug|Any CPU.ActiveCfg = Debug|Any CPU
		{74F143B0-5FB0-4BFA-A389-1557D68F7B33}.Debug|Any CPU.Build.0 = Debug|Any CPU
		{74F143B0-5FB0-4BFA-A389-1557D68F7B33}.Debug|x64.ActiveCfg = Debug|Any CPU
		{74F143B0-5FB0-4BFA-A389-1557D68F7B33}.Debug|x64.Build.0 = Debug|Any CPU
		{74F143B0-5FB0-4BFA-A389-1557D68F7B33}.Debug|x86.ActiveCfg = Debug|Any CPU
		{74F143B0-5FB0-4BFA-A389-1557D68F7B33}.Debug|x86.Build.0 = Debug|Any CPU
		{74F143B0-5FB0-4BFA-A389-1557D68F7B33}.Release|Any CPU.ActiveCfg = Release|Any CPU
		{74F143B0-5FB0-4BFA-A389-1557D68F7B33}.Release|Any CPU.Build.0 = Release|Any CPU
		{74F143B0-5FB0-4BFA-A389-1557D68F7B33}.Release|x64.ActiveCfg = Release|Any CPU
		{74F143B0-5FB0-4BFA-A389-1557D68F7B33}.Release|x64.Build.0 = Release|Any CPU
		{74F143B0-5FB0-4BFA-A389-1557D68F7B33}.Release|x86.ActiveCfg = Release|Any CPU
		{74F143B0-5FB0-4BFA-A389-1557D68F7B33}.Release|x86.Build.0 = Release|Any CPU
		{702EEEF2-1520-4BAD-BDF1-5220F2109853}.Debug|Any CPU.ActiveCfg = Debug|Any CPU
		{702EEEF2-1520-4BAD-BDF1-5220F2109853}.Debug|Any CPU.Build.0 = Debug|Any CPU
		{702EEEF2-1520-4BAD-BDF1-5220F2109853}.Debug|x64.ActiveCfg = Debug|Any CPU
		{702EEEF2-1520-4BAD-BDF1-5220F2109853}.Debug|x64.Build.0 = Debug|Any CPU
		{702EEEF2-1520-4BAD-BDF1-5220F2109853}.Debug|x86.ActiveCfg = Debug|Any CPU
		{702EEEF2-1520-4BAD-BDF1-5220F2109853}.Debug|x86.Build.0 = Debug|Any CPU
		{702EEEF2-1520-4BAD-BDF1-5220F2109853}.Release|Any CPU.ActiveCfg = Release|Any CPU
		{702EEEF2-1520-4BAD-BDF1-5220F2109853}.Release|Any CPU.Build.0 = Release|Any CPU
		{702EEEF2-1520-4BAD-BDF1-5220F2109853}.Release|x64.ActiveCfg = Release|Any CPU
		{702EEEF2-1520-4BAD-BDF1-5220F2109853}.Release|x64.Build.0 = Release|Any CPU
		{702EEEF2-1520-4BAD-BDF1-5220F2109853}.Release|x86.ActiveCfg = Release|Any CPU
		{702EEEF2-1520-4BAD-BDF1-5220F2109853}.Release|x86.Build.0 = Release|Any CPU
		{218E45C5-7210-43B5-8A5E-F478A31FC8CA}.Debug|Any CPU.ActiveCfg = Debug|Any CPU
		{218E45C5-7210-43B5-8A5E-F478A31FC8CA}.Debug|Any CPU.Build.0 = Debug|Any CPU
		{218E45C5-7210-43B5-8A5E-F478A31FC8CA}.Debug|x64.ActiveCfg = Debug|Any CPU
		{218E45C5-7210-43B5-8A5E-F478A31FC8CA}.Debug|x64.Build.0 = Debug|Any CPU
		{218E45C5-7210-43B5-8A5E-F478A31FC8CA}.Debug|x86.ActiveCfg = Debug|Any CPU
		{218E45C5-7210-43B5-8A5E-F478A31FC8CA}.Debug|x86.Build.0 = Debug|Any CPU
		{218E45C5-7210-43B5-8A5E-F478A31FC8CA}.Release|Any CPU.ActiveCfg = Release|Any CPU
		{218E45C5-7210-43B5-8A5E-F478A31FC8CA}.Release|Any CPU.Build.0 = Release|Any CPU
		{218E45C5-7210-43B5-8A5E-F478A31FC8CA}.Release|x64.ActiveCfg = Release|Any CPU
		{218E45C5-7210-43B5-8A5E-F478A31FC8CA}.Release|x64.Build.0 = Release|Any CPU
		{218E45C5-7210-43B5-8A5E-F478A31FC8CA}.Release|x86.ActiveCfg = Release|Any CPU
		{218E45C5-7210-43B5-8A5E-F478A31FC8CA}.Release|x86.Build.0 = Release|Any CPU
		{4B0B15A6-0113-4152-96D9-E324A87DB97B}.Debug|Any CPU.ActiveCfg = Debug|Any CPU
		{4B0B15A6-0113-4152-96D9-E324A87DB97B}.Debug|Any CPU.Build.0 = Debug|Any CPU
		{4B0B15A6-0113-4152-96D9-E324A87DB97B}.Debug|x64.ActiveCfg = Debug|Any CPU
		{4B0B15A6-0113-4152-96D9-E324A87DB97B}.Debug|x64.Build.0 = Debug|Any CPU
		{4B0B15A6-0113-4152-96D9-E324A87DB97B}.Debug|x86.ActiveCfg = Debug|Any CPU
		{4B0B15A6-0113-4152-96D9-E324A87DB97B}.Debug|x86.Build.0 = Debug|Any CPU
		{4B0B15A6-0113-4152-96D9-E324A87DB97B}.Release|Any CPU.ActiveCfg = Release|Any CPU
		{4B0B15A6-0113-4152-96D9-E324A87DB97B}.Release|Any CPU.Build.0 = Release|Any CPU
		{4B0B15A6-0113-4152-96D9-E324A87DB97B}.Release|x64.ActiveCfg = Release|Any CPU
		{4B0B15A6-0113-4152-96D9-E324A87DB97B}.Release|x64.Build.0 = Release|Any CPU
		{4B0B15A6-0113-4152-96D9-E324A87DB97B}.Release|x86.ActiveCfg = Release|Any CPU
		{4B0B15A6-0113-4152-96D9-E324A87DB97B}.Release|x86.Build.0 = Release|Any CPU
		{94C4D790-F6BB-4F6F-A1D5-8105AB0545DB}.Debug|Any CPU.ActiveCfg = Debug|Any CPU
		{94C4D790-F6BB-4F6F-A1D5-8105AB0545DB}.Debug|Any CPU.Build.0 = Debug|Any CPU
		{94C4D790-F6BB-4F6F-A1D5-8105AB0545DB}.Debug|x64.ActiveCfg = Debug|Any CPU
		{94C4D790-F6BB-4F6F-A1D5-8105AB0545DB}.Debug|x64.Build.0 = Debug|Any CPU
		{94C4D790-F6BB-4F6F-A1D5-8105AB0545DB}.Debug|x86.ActiveCfg = Debug|Any CPU
		{94C4D790-F6BB-4F6F-A1D5-8105AB0545DB}.Debug|x86.Build.0 = Debug|Any CPU
		{94C4D790-F6BB-4F6F-A1D5-8105AB0545DB}.Release|Any CPU.ActiveCfg = Release|Any CPU
		{94C4D790-F6BB-4F6F-A1D5-8105AB0545DB}.Release|Any CPU.Build.0 = Release|Any CPU
		{94C4D790-F6BB-4F6F-A1D5-8105AB0545DB}.Release|x64.ActiveCfg = Release|Any CPU
		{94C4D790-F6BB-4F6F-A1D5-8105AB0545DB}.Release|x64.Build.0 = Release|Any CPU
		{94C4D790-F6BB-4F6F-A1D5-8105AB0545DB}.Release|x86.ActiveCfg = Release|Any CPU
		{94C4D790-F6BB-4F6F-A1D5-8105AB0545DB}.Release|x86.Build.0 = Release|Any CPU
	EndGlobalSection
	GlobalSection(SolutionProperties) = preSolution
		HideSolutionNode = FALSE
	EndGlobalSection
	GlobalSection(NestedProjects) = preSolution
		{1F53ECFC-A574-432D-9410-6DF76407C564} = {C5A1F2E3-7B4D-4A6C-9E8F-1A2B3C4D5E6F}
		{338441D5-80A2-4061-B094-C9FF638CEAE3} = {63376DE6-1C4C-42B0-BE22-1AF9C48E71F0}
		{2843FE2D-3E67-4801-9214-09BE75FB99ED} = {B8CF3F13-CA6F-438B-A18F-91758BFA45DA}
		{74F143B0-5FB0-4BFA-A389-1557D68F7B33} = {180827DF-E5CE-4F45-A79E-BFCBA7601A35}
		{702EEEF2-1520-4BAD-BDF1-5220F2109853} = {180827DF-E5CE-4F45-A79E-BFCBA7601A35}
		{218E45C5-7210-43B5-8A5E-F478A31FC8CA} = {B8EC4E18-DC1F-4415-BBAA-7A74E53B526C}
		{4B0B15A6-0113-4152-96D9-E324A87DB97B} = {B8EC4E18-DC1F-4415-BBAA-7A74E53B526C}
		{94C4D790-F6BB-4F6F-A1D5-8105AB0545DB} = {63376DE6-1C4C-42B0-BE22-1AF9C48E71F0}
	EndGlobalSection
	GlobalSection(ExtensibilityGlobals) = postSolution
		SolutionGuid = {7E1A3754-13E9-413C-A952-019FE3DE5322}
	EndGlobalSection
EndGlobal
